
Microsoft Visual Studio Solution File, Format Version 12.00
# Visual Studio 15
VisualStudioVersion = 15.0.27703.2035
MinimumVisualStudioVersion = 10.0.40219.1
Project("{8BC9CEB8-8B4A-11D0-8D11-00A0C91BC942}") = "back_1003_fibo", "back_1003_fibo\back_1003_fibo.vcxproj", "{74926CD1-0A4D-43D5-BCA5-3E77749CF37B}"
EndProject
Global
	GlobalSection(SolutionConfigurationPlatforms) = preSolution
		Debug|x64 = Debug|x64
		Debug|x86 = Debug|x86
		Release|x64 = Release|x64
		Release|x86 = Release|x86
	EndGlobalSection
	GlobalSection(ProjectConfigurationPlatforms) = postSolution
		{74926CD1-0A4D-43D5-BCA5-3E77749CF37B}.Debug|x64.ActiveCfg = Debug|x64
		{74926CD1-0A4D-43D5-BCA5-3E77749CF37B}.Debug|x64.Build.0 = Debug|x64
		{74926CD1-0A4D-43D5-BCA5-3E77749CF37B}.Debug|x86.ActiveCfg = Debug|Win32
		{74926CD1-0A4D-43D5-BCA5-3E77749CF37B}.Debug|x86.Build.0 = Debug|Win32
		{74926CD1-0A4D-43D5-BCA5-3E77749CF37B}.Release|x64.ActiveCfg = Release|x64
		{74926CD1-0A4D-43D5-BCA5-3E77749CF37B}.Release|x64.Build.0 = Release|x64
		{74926CD1-0A4D-43D5-BCA5-3E77749CF37B}.Release|x86.ActiveCfg = Release|Win32
		{74926CD1-0A4D-43D5-BCA5-3E77749CF37B}.Release|x86.Build.0 = Release|Win32
	EndGlobalSection
	GlobalSection(SolutionProperties) = preSolution
		HideSolutionNode = FALSE
	EndGlobalSection
	GlobalSection(ExtensibilityGlobals) = postSolution
		SolutionGuid = {B1EBC53D-D327-4728-A7CC-62B84D7B367A}
	EndGlobalSection
EndGlobal
